
Microsoft Visual Studio Solution File, Format Version 12.00
# Visual Studio 2013
VisualStudioVersion = 12.0.40629.0
MinimumVisualStudioVersion = 10.0.40219.1
Project("{FAE04EC0-301F-11D3-BF4B-00C04F79EFBC}") = "BubbleSort", "BubbleSort\BubbleSort.csproj", "{D41C5024-C88C-4190-B106-B537C7BDB50F}"
EndProject
Project("{FAE04EC0-301F-11D3-BF4B-00C04F79EFBC}") = "BubbleSortTests", "UnitTestProject1\BubbleSortTests.csproj", "{78E22EE2-33C0-481F-91B6-21065019475B}"
EndProject
Global
	GlobalSection(SolutionConfigurationPlatforms) = preSolution
		Debug|Any CPU = Debug|Any CPU
		Release|Any CPU = Release|Any CPU
	EndGlobalSection
	GlobalSection(ProjectConfigurationPlatforms) = postSolution
		{D41C5024-C88C-4190-B106-B537C7BDB50F}.Debug|Any CPU.ActiveCfg = Debug|Any CPU
		{D41C5024-C88C-4190-B106-B537C7BDB50F}.Debug|Any CPU.Build.0 = Debug|Any CPU
		{D41C5024-C88C-4190-B106-B537C7BDB50F}.Release|Any CPU.ActiveCfg = Release|Any CPU
		{D41C5024-C88C-4190-B106-B537C7BDB50F}.Release|Any CPU.Build.0 = Release|Any CPU
		{78E22EE2-33C0-481F-91B6-21065019475B}.Debug|Any CPU.ActiveCfg = Debug|Any CPU
		{78E22EE2-33C0-481F-91B6-21065019475B}.Debug|Any CPU.Build.0 = Debug|Any CPU
		{78E22EE2-33C0-481F-91B6-21065019475B}.Release|Any CPU.ActiveCfg = Release|Any CPU
		{78E22EE2-33C0-481F-91B6-21065019475B}.Release|Any CPU.Build.0 = Release|Any CPU
	EndGlobalSection
	GlobalSection(SolutionProperties) = preSolution
		HideSolutionNode = FALSE
	EndGlobalSection
EndGlobal
